
Microsoft Visual Studio Solution File, Format Version 12.00
# Visual Studio Version 17
VisualStudioVersion = 17.10.34916.146
MinimumVisualStudioVersion = 10.0.40219.1
Project("{FAE04EC0-301F-11D3-BF4B-00C04F79EFBC}") = "Health_Check.Server", "Health_Check.Server\Health_Check.Server.csproj", "{07202443-6723-4CFE-B61D-E36830910984}"
EndProject
Project("{54A90642-561A-4BB1-A94E-469ADEE60C69}") = "health_check.client", "health_check.client\health_check.client.esproj", "{4585AFB3-8F79-4BA5-A647-6F6908EA55EE}"
EndProject
Global
	GlobalSection(SolutionConfigurationPlatforms) = preSolution
		Debug|Any CPU = Debug|Any CPU
		Release|Any CPU = Release|Any CPU
	EndGlobalSection
	GlobalSection(ProjectConfigurationPlatforms) = postSolution
		{07202443-6723-4CFE-B61D-E36830910984}.Debug|Any CPU.ActiveCfg = Debug|Any CPU
		{07202443-6723-4CFE-B61D-E36830910984}.Debug|Any CPU.Build.0 = Debug|Any CPU
		{07202443-6723-4CFE-B61D-E36830910984}.Release|Any CPU.ActiveCfg = Release|Any CPU
		{07202443-6723-4CFE-B61D-E36830910984}.Release|Any CPU.Build.0 = Release|Any CPU
		{4585AFB3-8F79-4BA5-A647-6F6908EA55EE}.Debug|Any CPU.ActiveCfg = Debug|Any CPU
		{4585AFB3-8F79-4BA5-A647-6F6908EA55EE}.Debug|Any CPU.Build.0 = Debug|Any CPU
		{4585AFB3-8F79-4BA5-A647-6F6908EA55EE}.Debug|Any CPU.Deploy.0 = Debug|Any CPU
		{4585AFB3-8F79-4BA5-A647-6F6908EA55EE}.Release|Any CPU.ActiveCfg = Release|Any CPU
		{4585AFB3-8F79-4BA5-A647-6F6908EA55EE}.Release|Any CPU.Build.0 = Release|Any CPU
		{4585AFB3-8F79-4BA5-A647-6F6908EA55EE}.Release|Any CPU.Deploy.0 = Release|Any CPU
	EndGlobalSection
	GlobalSection(SolutionProperties) = preSolution
		HideSolutionNode = FALSE
	EndGlobalSection
	GlobalSection(ExtensibilityGlobals) = postSolution
		SolutionGuid = {2679CC17-F21C-49C0-9CF1-061B6CA4071F}
	EndGlobalSection
EndGlobal
